github.com/CycloneDX/cyclonedx-go v0.9.1 h1:yffaWOZsv77oTJa/SdVZYdgAgFioCeycBUKkqS2qzQM=
github.com/CycloneDX/cyclonedx-go v0.9.1/go.mod h1:NE/EWvzELOFlG6+ljX/QeMlVt9VKcTwu8u0ccsACEsw=
github.com/anchore/go-struct-converter v0.0.0-20221118182256-c68fdcfa2092 h1:aM1rlcoLz8y5B2r4tTLMiVTrMtpfY0O8EScKJxaSaEc=
github.com/anchore/go-struct-converter v0.0.0-20221118182256-c68fdcfa2092/go.mod h1:rYqSE9HbjzpHTI74vwPvae4ZVYZd1lue2ta6xHPdblA=
github.com/aymanbagabas/go-osc52/v2 v2.0.1 h1:HwpRHbFMcZLEVr42D4p7XBqjyuxQH5SMiErDT4WkJ2k=
github.com/aymanbagabas/go-osc52/v2 v2.0.1/go.mod h1:uYgXzlJ7ZpABp8OJ+exZzJJhRNQ2ASbcXHWsFqH8hp8=
github.com/bradleyjkemp/cupaloy/v2 v2.8.0 h1:any4BmKE+jGIaMpnU8YgH/I2LPiLBufr6oMMlVBbn9M=
github.com/bradleyjkemp/cupaloy/v2 v2.8.0/go.mod h1:bm7JXdkRd4BHJk9HpwqAI8BoAY1lps46Enkdqw6aRX0=
github.com/caarlos0/log v0.4.6 h1:FBu78sqfS8rhi2f6I1kJMvY6Dwpi6/evsJBoo9rv3oI=
github.com/caarlos0/log v0.4.6/go.mod h1:eEGBxtO8MGEE+zITQ/yHAYDqJUQTHUde6v9U1VOxLKM=
github.com/charmbracelet/lipgloss v0.12.0 h1:k2RgmrgUjrWWu9FaMERoYK1iiPiwg+SSqGYu9t8/k4Y=
github.com/charmbracelet/lipgloss v0.12.0/go.mod h1:beLlcmkF7MWA+5UrKKIRo/VJ21xGXr7YJ9miWfdMRIU=
github.com/charmbracelet/x/ansi v0.1.3 h1:RBh/eleNWML5R524mjUF0yVRePTwqN9tPtV+DPgO5Lw=
github.com/charmbracelet/x/ansi v0.1.3/go.mod h1:dk73KoMTT5AX5BsX0KrqhsTqAnhZZoCBjs7dGWp4Ktw=
github.com/davecgh/go-spew v1.1.0/go.mod h1:J7Y8YcW2NihsgmVo/mv3lAwl/skON4iLHjSsI+c5H38=
github.com/davecgh/go-spew v1.1.1 h1:vj9j/u1bqnvCEfJOwUhtlOARqs3+rkHYY13jYWTU97c=
github.com/davecgh/go-spew v1.1.1/go.mod h1:J7Y8YcW2NihsgmVo/mv3lAwl/skON4iLHjSsI+c5H38=
github.com/elliotchance/orderedmap/v2 v2.2.0 h1:7/2iwO98kYT4XkOjA9mBEIwvi4KpGB4cyHeOFOnj4Vk=
github.com/elliotchance/orderedmap/v2 v2.2.0/go.mod h1:85lZyVbpGaGvHvnKa7Qhx7zncAdBIBq6u56Hb1PRU5Q=
github.com/google/go-cmp v0.5.9/go.mod h1:17dUlkBOakJ0+DkrSSNjCkIjxS6bF9zb3elmeNGIjoY=
github.com/google/go-cmp v0.6.0/go.mod h1:17dUlkBOakJ0+DkrSSNjCkIjxS6bF9zb3elmeNGIjoY=
github.com/lucasb-eyer/go-colorful v1.2.0 h1:1nnpGOrhyZZuNyfu1QjKiUICQ74+3FNCN69Aj6K7nkY=
github.com/lucasb-eyer/go-colorful v1.2.0/go.mod h1:R4dSotOR9KMtayYi1e77YzuveK+i7ruzyGqttikkLy0=
github.com/mattn/go-isatty v0.0.20 h1:xfD0iDuEKnDkl03q4limB+vH+GxLEtL/jb4xVJSWWEY=
github.com/mattn/go-isatty v0.0.20/go.mod h1:W+V8PltTTMOvKvAeJH7IuucS94S2C6jfK/D7dTCTo3Y=
github.com/mattn/go-runewidth v0.0.15 h1:UNAjwbU9l54TA3KzvqLGxwWjHmMgBUVhBiTjelZgg3U=
github.com/mattn/go-runewidth v0.0.15/go.mod h1:Jdepj2loyihRzMpdS35Xk/zdY8IAYHsh153qUoGf23w=
github.com/muesli/termenv v0.15.2 h1:GohcuySI0QmI3wN8Ok9PtKGkgkFIk7y6Vpb5PvrY+Wo=
github.com/muesli/termenv v0.15.2/go.mod h1:Epx+iuz8sNs7mNKhxzH4fWXGNpZwUaJKRS1noLXviQ8=
github.com/pmezard/go-difflib v1.0.0 h1:4DBwDE0NGyQoBHbLQYPwSUPoCMWR5BEzIk/f1lZbAQM=
github.com/pmezard/go-difflib v1.0.0/go.mod h1:iKH77koFhYxTK1pcRnkKkqfTogsbg7gZNVY4sRDYZ/4=
github.com/rivo/uniseg v0.2.0/go.mod h1:J6wj4VEh+S6ZtnVlnTBMWIodfgj8LQOQFoIToxlJtxc=
github.com/rivo/uniseg v0.4.7 h1:WUdvkW8uEhrYfLC4ZzdpI2ztxP1I582+49Oc5Mq64VQ=
github.com/rivo/uniseg v0.4.7/go.mod h1:FN3SvrM+Zdj16jyLfmOkMNblXMcoc8DfTHruCPUcx88=
github.com/spdx/gordf v0.0.0-20201111095634-7098f93598fb/go.mod h1:uKWaldnbMnjsSAXRurWqqrdyZen1R7kxl8TkmWk2OyM=
github.com/spdx/tools-golang v0.5.5 h1:61c0KLfAcNqAjlg6UNMdkwpMernhw3zVRwDZ2x9XOmk=
github.com/spdx/tools-golang v0.5.5/go.mod h1:MVIsXx8ZZzaRWNQpUDhC4Dud34edUYJYecciXgrw5vE=
github.com/stretchr/objx v0.1.0/go.mod h1:HFkY916IF+rwdDfMAkV7OtwuqBVzrE8GR6GFx+wExME=
github.com/stretchr/objx v0.4.0/go.mod h1:YvHI0jy2hoMjB+UWwv71VJQ9isScKT/TqJzVSSt89Yw=
github.com/stretchr/objx v0.5.0/go.mod h1:Yh+to48EsGEfYuaHDzXPcE3xhTkx73EhmCGUpEOglKo=
github.com/stretchr/objx v0.5.2/go.mod h1:FRsXN1f5AsAjCGJKqEizvkpNtU+EGNCLh3NxZ/8L+MA=
github.com/stretchr/testify v1.7.1/go.mod h1:6Fq8oRcR53rry900zMqJjRRixrwX3KX962/h/Wwjteg=
github.com/stretchr/testify v1.8.0/go.mod h1:yNjHg4UonilssWZ8iaSj1OCr/vHnekPRkoO+kdMU+MU=
github.com/stretchr/testify v1.8.4/go.mod h1:sz/lmYIOXD/1dqDmKjjqLyZ2RngseejIcXlSw2iwfAo=
github.com/stretchr/testify v1.9.0 h1:HtqpIVDClZ4nwg75+f6Lvsy/wHu+3BoSGCbBAcpTsTg=
github.com/stretchr/testify v1.9.0/go.mod h1:r2ic/lqez/lEtzL7wO/rwa5dbSLXVDPFyf8C91i36aY=
github.com/terminalstatic/go-xsd-validate v0.1.5 h1:RqpJnf6HGE2CB/lZB1A8BYguk8uRtcvYAPLCF15qguo=
github.com/terminalstatic/go-xsd-validate v0.1.5/go.mod h1:18lsvYFofBflqCrvo1umpABZ99+GneNTw2kEEc8UPJw=
github.com/xeipuuv/gojsonpointer v0.0.0-20180127040702-4e3ac2762d5f h1:J9EGpcZtP0E/raorCMxlFGSTBrsSlaDGf3jU/qvAE2c=
github.com/xeipuuv/gojsonpointer v0.0.0-20180127040702-4e3ac2762d5f/go.mod h1:N2zxlSyiKSe5eX1tZViRH5QA0qijqEDrYZiPEAiq3wU=
github.com/xeipuuv/gojsonreference v0.0.0-20180127040603-bd5ef7bd5415 h1:EzJWgHovont7NscjpAxXsDA8S8BMYve8Y5+7cuRE7R0=
github.com/xeipuuv/gojsonreference v0.0.0-20180127040603-bd5ef7bd5415/go.mod h1:GwrjFmJcFw6At/Gs6z4yjiIwzuJ1/+UwLxMQDVQXShQ=
github.com/xeipuuv/gojsonschema v1.2.0 h1:LhYJRs+L4fBtjZUfuSZIKGeVu0QRy8e5Xi7D17UxZ74=
github.com/xeipuuv/gojsonschema v1.2.0/go.mod h1:anYRn/JVcOK2ZgGU+IjEV4nwlhoK5sQluxsYJ78Id3Y=
golang.org/x/sys v0.6.0/go.mod h1:oPkhp1MJrh7nUepCBck5+mAzfO9JrbApNNgaTdGDITg=
golang.org/x/sys v0.19.0 h1:q5f1RH2jigJ1MoAWp2KTp3gm5zAGFUTarQZ5U386+4o=
golang.org/x/sys v0.19.0/go.mod h1:/VUhepiaJMQUp4+oa/7Zr1D23ma6VTLIYjOOTFZPUcA=
gopkg.in/check.v1 v0.0.0-20161208181325-20d25e280405/go.mod h1:Co6ibVJAznAaIkqp8huTwlJQCZ016jof/cbN4VW5Yz0=
gopkg.in/yaml.v3 v3.0.0-20200313102051-9f266ea9e77c/go.mod h1:K4uyk7z7BCEPqu6E+C64Yfv1cQ7kz7rIZviUmN+EgEM=
gopkg.in/yaml.v3 v3.0.1 h1:fxVm/GzAzEWqLHuvctI91KS9hhNmmWOoWu0XTYJS7CA=
gopkg.in/yaml.v3 v3.0.1/go.mod h1:K4uyk7z7BCEPqu6E+C64Yfv1cQ7kz7rIZviUmN+EgEM=
sigs.k8s.io/yaml v1.4.0/go.mod h1:Ejl7/uTz7PSA4eKMyQCUTnhZYNmLIl+5c2lQPGR2BPY=
